
Microsoft Visual Studio Solution File, Format Version 12.00
# Visual Studio Version 16
VisualStudioVersion = 16.0.30804.86
MinimumVisualStudioVersion = 10.0.40219.1
Project("{8BC9CEB8-8B4A-11D0-8D11-00A0C91BC942}") = "btc-freedom", "btc-freedom\btc-freedom.vcxproj", "{5F5AA647-CDB2-402F-81E5-DB6CCBA9FCBF}"
EndProject
Global
	GlobalSection(SolutionConfigurationPlatforms) = preSolution
		Debug|x64 = Debug|x64
		Release|x64 = Release|x64
	EndGlobalSection
	GlobalSection(ProjectConfigurationPlatforms) = postSolution
		{5F5AA647-CDB2-402F-81E5-DB6CCBA9FCBF}.Debug|x64.ActiveCfg = Debug|x64
		{5F5AA647-CDB2-402F-81E5-DB6CCBA9FCBF}.Debug|x64.Build.0 = Debug|x64
		{5F5AA647-CDB2-402F-81E5-DB6CCBA9FCBF}.Release|x64.ActiveCfg = Release|x64
		{5F5AA647-CDB2-402F-81E5-DB6CCBA9FCBF}.Release|x64.Build.0 = Release|x64
	EndGlobalSection
	GlobalSection(SolutionProperties) = preSolution
		HideSolutionNode = FALSE
	EndGlobalSection
	GlobalSection(ExtensibilityGlobals) = postSolution
		SolutionGuid = {C84F923F-CC9D-4CD1-8CAB-36DCCF0C3CFF}
	EndGlobalSection
EndGlobal
